
Microsoft Visual Studio Solution File, Format Version 12.00
Project("{2150E333-8FDC-42A3-9474-1A3956D46DE8}") = "src", "src", "{90122FA0-637C-46F5-9509-47A581A1CB00}"
EndProject
Project("{FAE04EC0-301F-11D3-BF4B-00C04F79EFBC}") = "EasyAbp.Abp.WeChat.Common", "src\Common\EasyAbp.Abp.WeChat.Common\EasyAbp.Abp.WeChat.Common.csproj", "{B12E7D16-FE59-4F96-9F62-173D471279EE}"
EndProject
Project("{2150E333-8FDC-42A3-9474-1A3956D46DE8}") = "tests", "tests", "{03A4A696-FC94-4F91-B7CE-9C508C1F9EBA}"
EndProject
Project("{FAE04EC0-301F-11D3-BF4B-00C04F79EFBC}") = "EasyAbp.Abp.WeChat.Official.Tests", "tests\EasyAbp.Abp.WeChat.Official.Tests\EasyAbp.Abp.WeChat.Official.Tests.csproj", "{69F0A12F-2151-4F65-B2EB-476E91BEE43A}"
EndProject
Project("{FAE04EC0-301F-11D3-BF4B-00C04F79EFBC}") = "EasyAbp.Abp.WeChat.Common.Tests", "tests\EasyAbp.Abp.WeChat.Common.Tests\EasyAbp.Abp.WeChat.Common.Tests.csproj", "{916E3ECC-0BCC-488D-8ADB-D1C6EC670D9E}"
EndProject
Project("{2150E333-8FDC-42A3-9474-1A3956D46DE8}") = "Official", "Official", "{A0F50CAC-775F-4598-A4D6-1DC3C9A4036B}"
EndProject
Project("{2150E333-8FDC-42A3-9474-1A3956D46DE8}") = "Pay", "Pay", "{7AA7BACD-F0B0-46BD-A0B9-2E0C5C1233A6}"
EndProject
Project("{FAE04EC0-301F-11D3-BF4B-00C04F79EFBC}") = "EasyAbp.Abp.WeChat.Pay", "src\Pay\EasyAbp.Abp.WeChat.Pay\EasyAbp.Abp.WeChat.Pay.csproj", "{8247C119-83C4-4D49-BD21-B9CFF59F9C0C}"
EndProject
Project("{FAE04EC0-301F-11D3-BF4B-00C04F79EFBC}") = "EasyAbp.Abp.WeChat.Pay.Tests", "tests\EasyAbp.Abp.WeChat.Pay.Tests\EasyAbp.Abp.WeChat.Pay.Tests.csproj", "{4C7B9ADE-7E5F-466A-B3B5-47F40135B926}"
EndProject
Project("{FAE04EC0-301F-11D3-BF4B-00C04F79EFBC}") = "EasyAbp.Abp.WeChat.Pay.HttpApi", "src\Pay\EasyAbp.Abp.WeChat.Pay.HttpApi\EasyAbp.Abp.WeChat.Pay.HttpApi.csproj", "{14759F2F-193D-42DA-BDFD-A2F9B889D2B9}"
EndProject
Project("{FAE04EC0-301F-11D3-BF4B-00C04F79EFBC}") = "EasyAbp.Abp.WeChat.Official", "src\Official\EasyAbp.Abp.WeChat.Official\EasyAbp.Abp.WeChat.Official.csproj", "{8B110CC1-9B7D-45AA-8470-7FF231FF18C5}"
EndProject
Project("{FAE04EC0-301F-11D3-BF4B-00C04F79EFBC}") = "EasyAbp.Abp.WeChat.Official.HttpApi", "src\Official\EasyAbp.Abp.WeChat.Official.HttpApi\EasyAbp.Abp.WeChat.Official.HttpApi.csproj", "{04D13BCE-FDE8-4AB4-B981-9FAFC9705986}"
EndProject
Project("{FAE04EC0-301F-11D3-BF4B-00C04F79EFBC}") = "EasyAbp.Abp.WeChat.HttpApi.Tests", "tests\EasyAbp.Abp.WeChat.HttpApi.Tests\EasyAbp.Abp.WeChat.HttpApi.Tests.csproj", "{F9F8CBBA-2303-4020-A66C-51936B58DB3F}"
EndProject
Project("{2150E333-8FDC-42A3-9474-1A3956D46DE8}") = "MiniProgram", "MiniProgram", "{082FED75-8EC1-4F06-83C2-91D264B83709}"
EndProject
Project("{FAE04EC0-301F-11D3-BF4B-00C04F79EFBC}") = "EasyAbp.Abp.WeChat.MiniProgram", "src\MiniProgram\EasyAbp.Abp.WeChat.MiniProgram\EasyAbp.Abp.WeChat.MiniProgram.csproj", "{B33F6643-BD03-45D1-A8AD-C38C27FD8B6A}"
EndProject
Project("{2150E333-8FDC-42A3-9474-1A3956D46DE8}") = "Common", "Common", "{77BCE44A-CC08-40A1-B6DD-437B5AC431A6}"
EndProject
Global
	GlobalSection(SolutionConfigurationPlatforms) = preSolution
		Debug|Any CPU = Debug|Any CPU
		Release|Any CPU = Release|Any CPU
	EndGlobalSection
	GlobalSection(ProjectConfigurationPlatforms) = postSolution
		{B12E7D16-FE59-4F96-9F62-173D471279EE}.Debug|Any CPU.ActiveCfg = Debug|Any CPU
		{B12E7D16-FE59-4F96-9F62-173D471279EE}.Debug|Any CPU.Build.0 = Debug|Any CPU
		{B12E7D16-FE59-4F96-9F62-173D471279EE}.Release|Any CPU.ActiveCfg = Release|Any CPU
		{B12E7D16-FE59-4F96-9F62-173D471279EE}.Release|Any CPU.Build.0 = Release|Any CPU
		{69F0A12F-2151-4F65-B2EB-476E91BEE43A}.Debug|Any CPU.ActiveCfg = Debug|Any CPU
		{69F0A12F-2151-4F65-B2EB-476E91BEE43A}.Debug|Any CPU.Build.0 = Debug|Any CPU
		{69F0A12F-2151-4F65-B2EB-476E91BEE43A}.Release|Any CPU.ActiveCfg = Release|Any CPU
		{69F0A12F-2151-4F65-B2EB-476E91BEE43A}.Release|Any CPU.Build.0 = Release|Any CPU
		{916E3ECC-0BCC-488D-8ADB-D1C6EC670D9E}.Debug|Any CPU.ActiveCfg = Debug|Any CPU
		{916E3ECC-0BCC-488D-8ADB-D1C6EC670D9E}.Debug|Any CPU.Build.0 = Debug|Any CPU
		{916E3ECC-0BCC-488D-8ADB-D1C6EC670D9E}.Release|Any CPU.ActiveCfg = Release|Any CPU
		{916E3ECC-0BCC-488D-8ADB-D1C6EC670D9E}.Release|Any CPU.Build.0 = Release|Any CPU
		{8247C119-83C4-4D49-BD21-B9CFF59F9C0C}.Debug|Any CPU.ActiveCfg = Debug|Any CPU
		{8247C119-83C4-4D49-BD21-B9CFF59F9C0C}.Debug|Any CPU.Build.0 = Debug|Any CPU
		{8247C119-83C4-4D49-BD21-B9CFF59F9C0C}.Release|Any CPU.ActiveCfg = Release|Any CPU
		{8247C119-83C4-4D49-BD21-B9CFF59F9C0C}.Release|Any CPU.Build.0 = Release|Any CPU
		{4C7B9ADE-7E5F-466A-B3B5-47F40135B926}.Debug|Any CPU.ActiveCfg = Debug|Any CPU
		{4C7B9ADE-7E5F-466A-B3B5-47F40135B926}.Debug|Any CPU.Build.0 = Debug|Any CPU
		{4C7B9ADE-7E5F-466A-B3B5-47F40135B926}.Release|Any CPU.ActiveCfg = Release|Any CPU
		{4C7B9ADE-7E5F-466A-B3B5-47F40135B926}.Release|Any CPU.Build.0 = Release|Any CPU
		{14759F2F-193D-42DA-BDFD-A2F9B889D2B9}.Debug|Any CPU.ActiveCfg = Debug|Any CPU
		{14759F2F-193D-42DA-BDFD-A2F9B889D2B9}.Debug|Any CPU.Build.0 = Debug|Any CPU
		{14759F2F-193D-42DA-BDFD-A2F9B889D2B9}.Release|Any CPU.ActiveCfg = Release|Any CPU
		{14759F2F-193D-42DA-BDFD-A2F9B889D2B9}.Release|Any CPU.Build.0 = Release|Any CPU
		{8B110CC1-9B7D-45AA-8470-7FF231FF18C5}.Debug|Any CPU.ActiveCfg = Debug|Any CPU
		{8B110CC1-9B7D-45AA-8470-7FF231FF18C5}.Debug|Any CPU.Build.0 = Debug|Any CPU
		{8B110CC1-9B7D-45AA-8470-7FF231FF18C5}.Release|Any CPU.ActiveCfg = Release|Any CPU
		{8B110CC1-9B7D-45AA-8470-7FF231FF18C5}.Release|Any CPU.Build.0 = Release|Any CPU
		{04D13BCE-FDE8-4AB4-B981-9FAFC9705986}.Debug|Any CPU.ActiveCfg = Debug|Any CPU
		{04D13BCE-FDE8-4AB4-B981-9FAFC9705986}.Debug|Any CPU.Build.0 = Debug|Any CPU
		{04D13BCE-FDE8-4AB4-B981-9FAFC9705986}.Release|Any CPU.ActiveCfg = Release|Any CPU
		{04D13BCE-FDE8-4AB4-B981-9FAFC9705986}.Release|Any CPU.Build.0 = Release|Any CPU
		{F9F8CBBA-2303-4020-A66C-51936B58DB3F}.Debug|Any CPU.ActiveCfg = Debug|Any CPU
		{F9F8CBBA-2303-4020-A66C-51936B58DB3F}.Debug|Any CPU.Build.0 = Debug|Any CPU
		{F9F8CBBA-2303-4020-A66C-51936B58DB3F}.Release|Any CPU.ActiveCfg = Release|Any CPU
		{F9F8CBBA-2303-4020-A66C-51936B58DB3F}.Release|Any CPU.Build.0 = Release|Any CPU
		{B33F6643-BD03-45D1-A8AD-C38C27FD8B6A}.Debug|Any CPU.ActiveCfg = Debug|Any CPU
		{B33F6643-BD03-45D1-A8AD-C38C27FD8B6A}.Debug|Any CPU.Build.0 = Debug|Any CPU
		{B33F6643-BD03-45D1-A8AD-C38C27FD8B6A}.Release|Any CPU.ActiveCfg = Release|Any CPU
		{B33F6643-BD03-45D1-A8AD-C38C27FD8B6A}.Release|Any CPU.Build.0 = Release|Any CPU
	EndGlobalSection
	GlobalSection(NestedProjects) = preSolution
		{69F0A12F-2151-4F65-B2EB-476E91BEE43A} = {03A4A696-FC94-4F91-B7CE-9C508C1F9EBA}
		{916E3ECC-0BCC-488D-8ADB-D1C6EC670D9E} = {03A4A696-FC94-4F91-B7CE-9C508C1F9EBA}
		{A0F50CAC-775F-4598-A4D6-1DC3C9A4036B} = {90122FA0-637C-46F5-9509-47A581A1CB00}
		{7AA7BACD-F0B0-46BD-A0B9-2E0C5C1233A6} = {90122FA0-637C-46F5-9509-47A581A1CB00}
		{8247C119-83C4-4D49-BD21-B9CFF59F9C0C} = {7AA7BACD-F0B0-46BD-A0B9-2E0C5C1233A6}
		{4C7B9ADE-7E5F-466A-B3B5-47F40135B926} = {03A4A696-FC94-4F91-B7CE-9C508C1F9EBA}
		{14759F2F-193D-42DA-BDFD-A2F9B889D2B9} = {7AA7BACD-F0B0-46BD-A0B9-2E0C5C1233A6}
		{8B110CC1-9B7D-45AA-8470-7FF231FF18C5} = {A0F50CAC-775F-4598-A4D6-1DC3C9A4036B}
		{04D13BCE-FDE8-4AB4-B981-9FAFC9705986} = {A0F50CAC-775F-4598-A4D6-1DC3C9A4036B}
		{F9F8CBBA-2303-4020-A66C-51936B58DB3F} = {03A4A696-FC94-4F91-B7CE-9C508C1F9EBA}
		{082FED75-8EC1-4F06-83C2-91D264B83709} = {90122FA0-637C-46F5-9509-47A581A1CB00}
		{B33F6643-BD03-45D1-A8AD-C38C27FD8B6A} = {082FED75-8EC1-4F06-83C2-91D264B83709}
		{77BCE44A-CC08-40A1-B6DD-437B5AC431A6} = {90122FA0-637C-46F5-9509-47A581A1CB00}
		{B12E7D16-FE59-4F96-9F62-173D471279EE} = {77BCE44A-CC08-40A1-B6DD-437B5AC431A6}
	EndGlobalSection
EndGlobal
